{
  "version": "1.0",
  "generatedAt": "2026-08-09T14:05:10.096Z",
  "integrations": {
    "reaction-arena": {
      "idMappings": {
        "base": "1b5d7cf3ecb4e25f",
        "tables": {
          "Rooms": "trR2waVdtJQ",
          "Players": "t5J2a6BLy8Y"
        },
        "fields": {
          "Rooms": {
            "code": "f991WKR7Es9",
            "hostName": "fkVnvY3gjNZ",
            "gameCount": "f5UPkRZdb18",
            "gameIDs": "fk5mSyhYXDR",
            "currentGameIndex": "frUu5XrNYm7",
            "status": "f8HAVobzavy",
            "createdAt": "ffuxuNEqV9N",
            "players": "fijidcu92jE"
          },
          "Players": {
            "name": "f7XrEYk9JFt",
            "room": "fwuusSKVK91",
            "totalScore": "fuRUwVe7Mcy",
            "gameScores": "f21hNmntd4j",
            "currentGameScore": "f9dyiy4Txk7",
            "isHost": "fwu6KS4Fozt",
            "gameDone": "fp3wZW1VB6Z",
            "createdAt": "fgyidA23Q7V"
          }
        }
      }
    }
  }
}